
Microsoft Visual Studio Solution File, Format Version 12.00
# Visual Studio 2013
VisualStudioVersion = 12.0.30501.0
MinimumVisualStudioVersion = 10.0.40219.1
Project("{8BC9CEB8-8B4A-11D0-8D11-00A0C91BC942}") = "HW3", "HW3\HW3.vcxproj", "{DD7D4597-8AFC-4682-901D-7B94F469BEBE}"
EndProject
Project("{8BC9CEB8-8B4A-11D0-8D11-00A0C91BC942}") = "HW3.Test", "HW3.Test\HW3.Test.vcxproj", "{9757CB21-B840-49A6-B057-9F322E543DD6}"
EndProject
Global
	GlobalSection(SolutionConfigurationPlatforms) = preSolution
		Debug|Any CPU = Debug|Any CPU
		Debug|Mixed Platforms = Debug|Mixed Platforms
		Debug|Win32 = Debug|Win32
		Release|Any CPU = Release|Any CPU
		Release|Mixed Platforms = Release|Mixed Platforms
		Release|Win32 = Release|Win32
	EndGlobalSection
	GlobalSection(ProjectConfigurationPlatforms) = postSolution
		{DD7D4597-8AFC-4682-901D-7B94F469BEBE}.Debug|Any CPU.ActiveCfg = Debug|Win32
		{DD7D4597-8AFC-4682-901D-7B94F469BEBE}.Debug|Mixed Platforms.ActiveCfg = Debug|Win32
		{DD7D4597-8AFC-4682-901D-7B94F469BEBE}.Debug|Mixed Platforms.Build.0 = Debug|Win32
		{DD7D4597-8AFC-4682-901D-7B94F469BEBE}.Debug|Win32.ActiveCfg = Debug|Win32
		{DD7D4597-8AFC-4682-901D-7B94F469BEBE}.Debug|Win32.Build.0 = Debug|Win32
		{DD7D4597-8AFC-4682-901D-7B94F469BEBE}.Release|Any CPU.ActiveCfg = Release|Win32
		{DD7D4597-8AFC-4682-901D-7B94F469BEBE}.Release|Mixed Platforms.ActiveCfg = Release|Win32
		{DD7D4597-8AFC-4682-901D-7B94F469BEBE}.Release|Mixed Platforms.Build.0 = Release|Win32
		{DD7D4597-8AFC-4682-901D-7B94F469BEBE}.Release|Win32.ActiveCfg = Release|Win32
		{DD7D4597-8AFC-4682-901D-7B94F469BEBE}.Release|Win32.Build.0 = Release|Win32
		{9757CB21-B840-49A6-B057-9F322E543DD6}.Debug|Any CPU.ActiveCfg = Debug|Win32
		{9757CB21-B840-49A6-B057-9F322E543DD6}.Debug|Mixed Platforms.ActiveCfg = Debug|Win32
		{9757CB21-B840-49A6-B057-9F322E543DD6}.Debug|Mixed Platforms.Build.0 = Debug|Win32
		{9757CB21-B840-49A6-B057-9F322E543DD6}.Debug|Win32.ActiveCfg = Debug|Win32
		{9757CB21-B840-49A6-B057-9F322E543DD6}.Debug|Win32.Build.0 = Debug|Win32
		{9757CB21-B840-49A6-B057-9F322E543DD6}.Release|Any CPU.ActiveCfg = Release|Win32
		{9757CB21-B840-49A6-B057-9F322E543DD6}.Release|Mixed Platforms.ActiveCfg = Release|Win32
		{9757CB21-B840-49A6-B057-9F322E543DD6}.Release|Mixed Platforms.Build.0 = Release|Win32
		{9757CB21-B840-49A6-B057-9F322E543DD6}.Release|Win32.ActiveCfg = Release|Win32
		{9757CB21-B840-49A6-B057-9F322E543DD6}.Release|Win32.Build.0 = Release|Win32
	EndGlobalSection
	GlobalSection(SolutionProperties) = preSolution
		HideSolutionNode = FALSE
	EndGlobalSection
EndGlobal
